# THIS IS AN AUTOGENERATED FILE. DO NOT EDIT THIS FILE DIRECTLY.
# yarn lockfile v1


"@react-native-community/async-storage@^1.12.1":
  version "1.12.1"
  resolved "https://registry.yarnpkg.com/@react-native-community/async-storage/-/async-storage-1.12.1.tgz#25f821b4f6b13abe005ad67e47c6f1cee9f27b24"
  integrity sha512-70WGaH3PKYASi4BThuEEKMkyAgE9k7VytBqmgPRx3MzJx9/MkspwqJGmn3QLCgHLIFUgF1pit2mWICbRJ3T3lg==
  dependencies:
    deep-assign "^3.0.0"

"@types/prop-types@*":
  version "15.7.4"
  resolved "https://registry.yarnpkg.com/@types/prop-types/-/prop-types-15.7.4.tgz#fcf7205c25dff795ee79af1e30da2c9790808f11"
  integrity sha512-rZ5drC/jWjrArrS8BR6SIr4cWpW09RNTYt9AMZo3Jwwif+iacXAqgVjm0B0Bv/S1jhDXKHqRVNCbACkJ89RAnQ==

"@types/react@^17.0.21":
  version "17.0.22"
  resolved "https://registry.yarnpkg.com/@types/react/-/react-17.0.22.tgz#c80d1d0e87fe953bae3ab273bef451dea1a6291b"
  integrity sha512-kq/BMeaAVLJM6Pynh8C2rnr/drCK+/5ksH0ch9asz+8FW3DscYCIEFtCeYTFeIx/ubvOsMXmRfy7qEJ76gM96A==
  dependencies:
    "@types/prop-types" "*"
    "@types/scheduler" "*"
    csstype "^3.0.2"

"@types/scheduler@*":
  version "0.16.2"
  resolved "https://registry.yarnpkg.com/@types/scheduler/-/scheduler-0.16.2.tgz#1a62f89525723dde24ba1b01b092bf5df8ad4d39"
  integrity sha512-hppQEBDmlwhFAXKJX2KnWLYu5yMfi91yazPb2l+lbJiwW+wdo1gNeRA+3RgNSO39WYX2euey41KEwnqesU2Jew==

csstype@^3.0.2:
  version "3.0.9"
  resolved "https://registry.yarnpkg.com/csstype/-/csstype-3.0.9.tgz#6410af31b26bd0520933d02cbc64fce9ce3fbf0b"
  integrity sha512-rpw6JPxK6Rfg1zLOYCSwle2GFOOsnjmDYDaBwEcwoOg4qlsIVCN789VkBZDJAGi4T07gI4YSutR43t9Zz4Lzuw==

deep-assign@^3.0.0:
  version "3.0.0"
  resolved "https://registry.yarnpkg.com/deep-assign/-/deep-assign-3.0.0.tgz#c8e4c4d401cba25550a2f0f486a2e75bc5f219a2"
  integrity sha512-YX2i9XjJ7h5q/aQ/IM9PEwEnDqETAIYbggmdDB3HLTlSgo1CxPsj6pvhPG68rq6SVE0+p+6Ywsm5fTYNrYtBWw==
  dependencies:
    is-obj "^1.0.0"

expo-secure-store@^10.2.0:
  version "10.2.0"
  resolved "https://registry.yarnpkg.com/expo-secure-store/-/expo-secure-store-10.2.0.tgz#561dfea4d6b4d05a738643d80a15403ebe0e515d"
  integrity sha512-yNahMY3qzEotAYdsE02ps4yGfDay2twasHfsI/7gJB9SrwXYFx5bJuCDk8uTo8jsm6psvDjO+9VMM2DSPHik2A==

is-obj@^1.0.0:
  version "1.0.1"
  resolved "https://registry.yarnpkg.com/is-obj/-/is-obj-1.0.1.tgz#3e4729ac1f5fde025cd7d83a896dab9f4f67db0f"
  integrity sha1-PkcprB9f3gJc19g6iW2rn09n2w8=

"js-tokens@^3.0.0 || ^4.0.0":
  version "4.0.0"
  resolved "https://registry.yarnpkg.com/js-tokens/-/js-tokens-4.0.0.tgz#19203fb59991df98e3a287050d4647cdeaf32499"
  integrity sha512-RdJUflcE3cUzKiMqQgsCu06FPu9UdIJO0beYbPhHN4k6apgJtifcoCtT9bcxOpYBtpD2kCM6Sbzg4CausW/PKQ==

loose-envify@^1.1.0:
  version "1.4.0"
  resolved "https://registry.yarnpkg.com/loose-envify/-/loose-envify-1.4.0.tgz#71ee51fa7be4caec1a63839f7e682d8132d30caf"
  integrity sha512-lyuxPGr/Wfhrlem2CL/UcnUc1zcqKAImBDzukY7Y5F/yQiNdko6+fRLevlw1HgMySw7f611UIY408EtxRSoK3Q==
  dependencies:
    js-tokens "^3.0.0 || ^4.0.0"

object-assign@^4.1.1:
  version "4.1.1"
  resolved "https://registry.yarnpkg.com/object-assign/-/object-assign-4.1.1.tgz#2109adc7965887cfc05cbbd442cac8bfbb360863"
  integrity sha1-IQmtx5ZYh8/AXLvUQsrIv7s2CGM=

react-modular-store@0.0.7:
  version "0.0.7"
  resolved "https://registry.yarnpkg.com/react-modular-store/-/react-modular-store-0.0.7.tgz#41cdff5e8fba55a7ccd3a8f045f3c5ba43e8f783"
  integrity sha512-Hcx/qEn8rctrnmaYIN2/BaoCwBwrkHgV19bfco1z6jHOla5CkgASSrEb9ZqIMBAH7aK702ABw1GJEDqlYpzfsg==
  dependencies:
    "@types/react" "^17.0.21"
    react "^17.0.2"

react@^17.0.2:
  version "17.0.2"
  resolved "https://registry.yarnpkg.com/react/-/react-17.0.2.tgz#d0b5cc516d29eb3eee383f75b62864cfb6800037"
  integrity sha512-gnhPt75i/dq/z3/6q/0asP78D0u592D5L1pd7M8P+dck6Fu/jJeL6iVVK23fptSUZj8Vjf++7wXA8UNclGQcbA==
  dependencies:
    loose-envify "^1.1.0"
    object-assign "^4.1.1"
